
Microsoft Visual Studio Solution File, Format Version 12.00
# Visual Studio Version 17
VisualStudioVersion = 17.11.35312.102
MinimumVisualStudioVersion = 10.0.40219.1
Project("{FAE04EC0-301F-11D3-BF4B-00C04F79EFBC}") = "cyukanshiken2", "cyukanshiken2\cyukanshiken2.csproj", "{D537E8B2-4AFD-48D9-8BFB-50E3AFFB9882}"
EndProject
Global
	GlobalSection(SolutionConfigurationPlatforms) = preSolution
		Debug|Any CPU = Debug|Any CPU
		Release|Any CPU = Release|Any CPU
	EndGlobalSection
	GlobalSection(ProjectConfigurationPlatforms) = postSolution
		{D537E8B2-4AFD-48D9-8BFB-50E3AFFB9882}.Debug|Any CPU.ActiveCfg = Debug|Any CPU
		{D537E8B2-4AFD-48D9-8BFB-50E3AFFB9882}.Debug|Any CPU.Build.0 = Debug|Any CPU
		{D537E8B2-4AFD-48D9-8BFB-50E3AFFB9882}.Release|Any CPU.ActiveCfg = Release|Any CPU
		{D537E8B2-4AFD-48D9-8BFB-50E3AFFB9882}.Release|Any CPU.Build.0 = Release|Any CPU
	EndGlobalSection
	GlobalSection(SolutionProperties) = preSolution
		HideSolutionNode = FALSE
	EndGlobalSection
	GlobalSection(ExtensibilityGlobals) = postSolution
		SolutionGuid = {652B503A-CAAB-4C52-9141-B1EA93F72921}
	EndGlobalSection
EndGlobal
