
Microsoft Visual Studio Solution File, Format Version 12.00
# Visual Studio Version 17
VisualStudioVersion = 17.11.35208.52
MinimumVisualStudioVersion = 10.0.40219.1
Project("{FAE04EC0-301F-11D3-BF4B-00C04F79EFBC}") = "Q1", "Q1\Q1.csproj", "{41A8658F-4C18-45C7-9729-A18ACFCBD740}"
EndProject
Global
	GlobalSection(SolutionConfigurationPlatforms) = preSolution
		Debug|Any CPU = Debug|Any CPU
		Release|Any CPU = Release|Any CPU
	EndGlobalSection
	GlobalSection(ProjectConfigurationPlatforms) = postSolution
		{41A8658F-4C18-45C7-9729-A18ACFCBD740}.Debug|Any CPU.ActiveCfg = Debug|Any CPU
		{41A8658F-4C18-45C7-9729-A18ACFCBD740}.Debug|Any CPU.Build.0 = Debug|Any CPU
		{41A8658F-4C18-45C7-9729-A18ACFCBD740}.Release|Any CPU.ActiveCfg = Release|Any CPU
		{41A8658F-4C18-45C7-9729-A18ACFCBD740}.Release|Any CPU.Build.0 = Release|Any CPU
	EndGlobalSection
	GlobalSection(SolutionProperties) = preSolution
		HideSolutionNode = FALSE
	EndGlobalSection
	GlobalSection(ExtensibilityGlobals) = postSolution
		SolutionGuid = {EB985CF3-5EC4-40B1-AA1B-A569767BAE7F}
	EndGlobalSection
EndGlobal
