
Microsoft Visual Studio Solution File, Format Version 12.00
# Visual Studio Version 17
VisualStudioVersion = 17.11.35208.52
MinimumVisualStudioVersion = 10.0.40219.1
Project("{FAE04EC0-301F-11D3-BF4B-00C04F79EFBC}") = "GroupBox", "GroupBox\GroupBox.csproj", "{FD881154-1D32-462A-852F-794AD8BC1024}"
EndProject
Global
	GlobalSection(SolutionConfigurationPlatforms) = preSolution
		Debug|Any CPU = Debug|Any CPU
		Release|Any CPU = Release|Any CPU
	EndGlobalSection
	GlobalSection(ProjectConfigurationPlatforms) = postSolution
		{FD881154-1D32-462A-852F-794AD8BC1024}.Debug|Any CPU.ActiveCfg = Debug|Any CPU
		{FD881154-1D32-462A-852F-794AD8BC1024}.Debug|Any CPU.Build.0 = Debug|Any CPU
		{FD881154-1D32-462A-852F-794AD8BC1024}.Release|Any CPU.ActiveCfg = Release|Any CPU
		{FD881154-1D32-462A-852F-794AD8BC1024}.Release|Any CPU.Build.0 = Release|Any CPU
	EndGlobalSection
	GlobalSection(SolutionProperties) = preSolution
		HideSolutionNode = FALSE
	EndGlobalSection
	GlobalSection(ExtensibilityGlobals) = postSolution
		SolutionGuid = {B019902D-D0E7-4C17-89BD-D3570C61303D}
	EndGlobalSection
EndGlobal
